# THIS IS AN AUTOGENERATED FILE. DO NOT EDIT THIS FILE DIRECTLY.
# yarn lockfile v1


uglifycss@^0.0.29:
  version "0.0.29"
  resolved "https://registry.yarnpkg.com/uglifycss/-/uglifycss-0.0.29.tgz#abe49531155d146e75dd2fdf933d371bc1180054"
  integrity sha512-J2SQ2QLjiknNGbNdScaNZsXgmMGI0kYNrXaDlr4obnPW9ni1jljb1NeEVWAiTgZ8z+EBWP2ozfT9vpy03rjlMQ==
